{
    "name": "kankan",
    "version": "9.9.9",
    "lockfileVersion": 1,
    "requires": true,
    "dependencies": {
        "crypto-js": {
            "version": "4.1.1",
            "resolved": "https://registry.nlark.com/crypto-js/download/crypto-js-4.1.1.tgz",
            "integrity": "sha1-nkhbzwNSEEG9hYRHhrg/t2GXNs8="
        },
        "dayjs": {
            "version": "1.10.7",
            "resolved": "https://registry.nlark.com/dayjs/download/dayjs-1.10.7.tgz",
            "integrity": "sha1-LPX5Gt0oEWdIRAhmoKHSbzps5Gg="
        },
        "sax": {
            "version": "1.2.4",
            "resolved": "https://registry.npm.taobao.org/sax/download/sax-1.2.4.tgz",
            "integrity": "sha1-KBYjTiN4vdxOU1T6tcqold9xANk="
        },
        "uview-ui": {
            "version": "1.8.4",
            "resolved": "https://registry.npm.taobao.org/uview-ui/download/uview-ui-1.8.4.tgz",
            "integrity": "sha1-4yu/I3lCHTGQIuMk4ct7U4fTvUQ="
        },
        "xml2js": {
            "version": "0.4.23",
            "resolved": "https://registry.npm.taobao.org/xml2js/download/xml2js-0.4.23.tgz?cache=0&sync_timestamp=1576776179444&other_urls=https%3A%2F%2Fregistry.npm.taobao.org%2Fxml2js%2Fdownload%2Fxml2js-0.4.23.tgz",
            "integrity": "sha1-oMaVFnUkIesqx1juTUzPWIQ+rGY=",
            "requires": {
                "sax": ">=0.6.0",
                "xmlbuilder": "~11.0.0"
            }
        },
        "xmlbuilder": {
            "version": "11.0.1",
            "resolved": "https://registry.npm.taobao.org/xmlbuilder/download/xmlbuilder-11.0.1.tgz",
            "integrity": "sha1-vpuuHIoEbnazESdyY0fQrXACvrM="
        }
    }
}
